
Microsoft Visual Studio Solution File, Format Version 11.00
# Visual Studio 2010
# SharpDevelop 4.3
Project("{FAE04EC0-301F-11D3-BF4B-00C04F79EFBC}") = "File_Transfer_TCP", "File_Transfer_TCP\File_Transfer_TCP.csproj", "{10749362-9A4D-4754-82D9-608489617DB6}"
EndProject
Global
	GlobalSection(SolutionConfigurationPlatforms) = preSolution
		Debug|Any CPU = Debug|Any CPU
		Release|Any CPU = Release|Any CPU
	EndGlobalSection
	GlobalSection(ProjectConfigurationPlatforms) = postSolution
		{10749362-9A4D-4754-82D9-608489617DB6}.Debug|Any CPU.Build.0 = Debug|Any CPU
		{10749362-9A4D-4754-82D9-608489617DB6}.Debug|Any CPU.ActiveCfg = Debug|Any CPU
		{10749362-9A4D-4754-82D9-608489617DB6}.Release|Any CPU.Build.0 = Release|Any CPU
		{10749362-9A4D-4754-82D9-608489617DB6}.Release|Any CPU.ActiveCfg = Release|Any CPU
	EndGlobalSection
EndGlobal
